
Microsoft Visual Studio Solution File, Format Version 12.00
# Visual Studio Version 17
VisualStudioVersion = 17.2.32519.379
MinimumVisualStudioVersion = 10.0.40219.1
Project("{F184B08F-C81C-45F6-A57F-5ABD9991F28F}") = "WebModInstaller", "WebModInstaller.vbproj", "{FD3FFAD2-66B2-409A-A776-9F357DD5122B}"
EndProject
Global
	GlobalSection(SolutionConfigurationPlatforms) = preSolution
		Debug|Any CPU = Debug|Any CPU
		Release|Any CPU = Release|Any CPU
	EndGlobalSection
	GlobalSection(ProjectConfigurationPlatforms) = postSolution
		{FD3FFAD2-66B2-409A-A776-9F357DD5122B}.Debug|Any CPU.ActiveCfg = Debug|Any CPU
		{FD3FFAD2-66B2-409A-A776-9F357DD5122B}.Debug|Any CPU.Build.0 = Debug|Any CPU
		{FD3FFAD2-66B2-409A-A776-9F357DD5122B}.Release|Any CPU.ActiveCfg = Release|Any CPU
		{FD3FFAD2-66B2-409A-A776-9F357DD5122B}.Release|Any CPU.Build.0 = Release|Any CPU
	EndGlobalSection
	GlobalSection(SolutionProperties) = preSolution
		HideSolutionNode = FALSE
	EndGlobalSection
	GlobalSection(ExtensibilityGlobals) = postSolution
		SolutionGuid = {9D18B866-EEAA-47A8-8965-52E0BCB87E3A}
	EndGlobalSection
EndGlobal
